// !$*UTF8*$!
{
	archiveVersion = 1;
	classes = {
	};
	objectVersion = 50;
	objects = {

/* Begin PBXBuildFile section */
		A946D34627EAF0C7006174D4 /* LocationViewController.swift in Sources */ = {isa = PBXBuildFile; fileRef = A946D34527EAF0C7006174D4 /* LocationViewController.swift */; };
		A946D34B27EAF14D006174D4 /* LoginViewController.swift in Sources */ = {isa = PBXBuildFile; fileRef = A946D34A27EAF14D006174D4 /* LoginViewController.swift */; };
		A96DE03827FCA836001C9309 /* MyInformationViewController.swift in Sources */ = {isa = PBXBuildFile; fileRef = A96DE03727FCA836001C9309 /* MyInformationViewController.swift */; };
		A98E511F280338EA00528954 /* BrowseViewController.swift in Sources */ = {isa = PBXBuildFile; fileRef = A98E511E280338EA00528954 /* BrowseViewController.swift */; };
		A999B9B027EA1B1A000AD3D8 /* AppDelegate.swift in Sources */ = {isa = PBXBuildFile; fileRef = A999B9AF27EA1B1A000AD3D8 /* AppDelegate.swift */; };
		A999B9B227EA1B1A000AD3D8 /* SceneDelegate.swift in Sources */ = {isa = PBXBuildFile; fileRef = A999B9B127EA1B1A000AD3D8 /* SceneDelegate.swift */; };
		A999B9B727EA1B1A000AD3D8 /* Main.storyboard in Resources */ = {isa = PBXBuildFile; fileRef = A999B9B527EA1B1A000AD3D8 /* Main.storyboard */; };
		A999B9B927EA1B24000AD3D8 /* Assets.xcassets in Resources */ = {isa = PBXBuildFile; fileRef = A999B9B827EA1B24000AD3D8 /* Assets.xcassets */; };
		A999B9BC27EA1B24000AD3D8 /* LaunchScreen.storyboard in Resources */ = {isa = PBXBuildFile; fileRef = A999B9BA27EA1B24000AD3D8 /* LaunchScreen.storyboard */; };
		A9B5E95F27F4BDB200421377 /* UploadsViewController.swift in Sources */ = {isa = PBXBuildFile; fileRef = A9B5E95E27F4BDB200421377 /* UploadsViewController.swift */; };
		A9CF352C27EAEF93007215F3 /* LogoutViewController.swift in Sources */ = {isa = PBXBuildFile; fileRef = A9CF352B27EAEF93007215F3 /* LogoutViewController.swift */; };
		E7D7EDA427F4EE6100A04266 /* UserSelectionViewController.swift in Sources */ = {isa = PBXBuildFile; fileRef = E7D7EDA327F4EE6100A04266 /* UserSelectionViewController.swift */; };
/* End PBXBuildFile section */

/* Begin PBXFileReference section */
		A946D34527EAF0C7006174D4 /* LocationViewController.swift */ = {isa = PBXFileReference; lastKnownFileType = sourcecode.swift; path = LocationViewController.swift; sourceTree = "<group>"; };
		A946D34A27EAF14D006174D4 /* LoginViewController.swift */ = {isa = PBXFileReference; lastKnownFileType = sourcecode.swift; path = LoginViewController.swift; sourceTree = "<group>"; };
		A96DE03727FCA836001C9309 /* MyInformationViewController.swift */ = {isa = PBXFileReference; lastKnownFileType = sourcecode.swift; path = MyInformationViewController.swift; sourceTree = "<group>"; };
		A98E511E280338EA00528954 /* BrowseViewController.swift */ = {isa = PBXFileReference; lastKnownFileType = sourcecode.swift; path = BrowseViewController.swift; sourceTree = "<group>"; };
		A999B9AC27EA1B1A000AD3D8 /* CapstoneProject.app */ = {isa = PBXFileReference; explicitFileType = wrapper.application; includeInIndex = 0; path = CapstoneProject.app; sourceTree = BUILT_PRODUCTS_DIR; };
		A999B9AF27EA1B1A000AD3D8 /* AppDelegate.swift */ = {isa = PBXFileReference; lastKnownFileType = sourcecode.swift; path = AppDelegate.swift; sourceTree = "<group>"; };
		A999B9B127EA1B1A000AD3D8 /* SceneDelegate.swift */ = {isa = PBXFileReference; lastKnownFileType = sourcecode.swift; path = SceneDelegate.swift; sourceTree = "<group>"; };
		A999B9B627EA1B1A000AD3D8 /* Base */ = {isa = PBXFileReference; lastKnownFileType = file.storyboard; name = Base; path = Base.lproj/Main.storyboard; sourceTree = "<group>"; };
		A999B9B827EA1B24000AD3D8 /* Assets.xcassets */ = {isa = PBXFileReference; lastKnownFileType = folder.assetcatalog; path = Assets.xcassets; sourceTree = "<group>"; };
		A999B9BB27EA1B24000AD3D8 /* Base */ = {isa = PBXFileReference; lastKnownFileType = file.storyboard; name = Base; path = Base.lproj/LaunchScreen.storyboard; sourceTree = "<group>"; };
		A999B9BD27EA1B24000AD3D8 /* Info.plist */ = {isa = PBXFileReference; lastKnownFileType = text.plist.xml; path = Info.plist; sourceTree = "<group>"; };
		A9B5E95E27F4BDB200421377 /* UploadsViewController.swift */ = {isa = PBXFileReference; lastKnownFileType = sourcecode.swift; path = UploadsViewController.swift; sourceTree = "<group>"; };
		A9CF352B27EAEF93007215F3 /* LogoutViewController.swift */ = {isa = PBXFileReference; lastKnownFileType = sourcecode.swift; path = LogoutViewController.swift; sourceTree = "<group>"; };
		E7D7EDA327F4EE6100A04266 /* UserSelectionViewController.swift */ = {isa = PBXFileReference; lastKnownFileType = sourcecode.swift; path = UserSelectionViewController.swift; sourceTree = "<group>"; };
/* End PBXFileReference section */

/* Begin PBXFrameworksBuildPhase section */
		A999B9A927EA1B1A000AD3D8 /* Frameworks */ = {
			isa = PBXFrameworksBuildPhase;
			buildActionMask = 2147483647;
			files = (
			);
			runOnlyForDeploymentPostprocessing = 0;
		};
/* End PBXFrameworksBuildPhase section */

/* Begin PBXGroup section */
		A999B9A327EA1B1A000AD3D8 = {
			isa = PBXGroup;
			children = (
				A999B9AE27EA1B1A000AD3D8 /* CapstoneProject */,
				A999B9AD27EA1B1A000AD3D8 /* Products */,
			);
			sourceTree = "<group>";
		};
		A999B9AD27EA1B1A000AD3D8 /* Products */ = {
			isa = PBXGroup;
			children = (
				A999B9AC27EA1B1A000AD3D8 /* CapstoneProject.app */,
			);
			name = Products;
			sourceTree = "<group>";
		};
		A999B9AE27EA1B1A000AD3D8 /* CapstoneProject */ = {
			isa = PBXGroup;
			children = (
				A999B9AF27EA1B1A000AD3D8 /* AppDelegate.swift */,
				A999B9B127EA1B1A000AD3D8 /* SceneDelegate.swift */,
				A9CF352B27EAEF93007215F3 /* LogoutViewController.swift */,
				A946D34527EAF0C7006174D4 /* LocationViewController.swift */,
				A9B5E95E27F4BDB200421377 /* UploadsViewController.swift */,
				E7D7EDA327F4EE6100A04266 /* UserSelectionViewController.swift */,
				A946D34A27EAF14D006174D4 /* LoginViewController.swift */,
				A96DE03727FCA836001C9309 /* MyInformationViewController.swift */,
				A999B9B527EA1B1A000AD3D8 /* Main.storyboard */,
				A999B9B827EA1B24000AD3D8 /* Assets.xcassets */,
				A999B9BA27EA1B24000AD3D8 /* LaunchScreen.storyboard */,
				A999B9BD27EA1B24000AD3D8 /* Info.plist */,
				A98E511E280338EA00528954 /* BrowseViewController.swift */,
			);
			path = CapstoneProject;
			sourceTree = "<group>";
		};
/* End PBXGroup section */

/* Begin PBXNativeTarget section */
		A999B9AB27EA1B1A000AD3D8 /* CapstoneProject */ = {
			isa = PBXNativeTarget;
			buildConfigurationList = A999B9C027EA1B24000AD3D8 /* Build configuration list for PBXNativeTarget "CapstoneProject" */;
			buildPhases = (
				A999B9A827EA1B1A000AD3D8 /* Sources */,
				A999B9A927EA1B1A000AD3D8 /* Frameworks */,
				A999B9AA27EA1B1A000AD3D8 /* Resources */,
			);
			buildRules = (
			);
			dependencies = (
			);
			name = CapstoneProject;
			productName = CapstoneProject;
			productReference = A999B9AC27EA1B1A000AD3D8 /* CapstoneProject.app */;
			productType = "com.apple.product-type.application";
		};
/* End PBXNativeTarget section */

/* Begin PBXProject section */
		A999B9A427EA1B1A000AD3D8 /* Project object */ = {
			isa = PBXProject;
			attributes = {
				LastSwiftUpdateCheck = 1240;
				LastUpgradeCheck = 1240;
				TargetAttributes = {
					A999B9AB27EA1B1A000AD3D8 = {
						CreatedOnToolsVersion = 12.4;
					};
				};
			};
			buildConfigurationList = A999B9A727EA1B1A000AD3D8 /* Build configuration list for PBXProject "CapstoneProject" */;
			compatibilityVersion = "Xcode 9.3";
			developmentRegion = en;
			hasScannedForEncodings = 0;
			knownRegions = (
				en,
				Base,
			);
			mainGroup = A999B9A327EA1B1A000AD3D8;
			productRefGroup = A999B9AD27EA1B1A000AD3D8 /* Products */;
			projectDirPath = "";
			projectRoot = "";
			targets = (
				A999B9AB27EA1B1A000AD3D8 /* CapstoneProject */,
			);
		};
/* End PBXProject section */

/* Begin PBXResourcesBuildPhase section */
		A999B9AA27EA1B1A000AD3D8 /* Resources */ = {
			isa = PBXResourcesBuildPhase;
			buildActionMask = 2147483647;
			files = (
				A999B9BC27EA1B24000AD3D8 /* LaunchScreen.storyboard in Resources */,
				A999B9B927EA1B24000AD3D8 /* Assets.xcassets in Resources */,
				A999B9B727EA1B1A000AD3D8 /* Main.storyboard in Resources */,
			);
			runOnlyForDeploymentPostprocessing = 0;
		};
/* End PBXResourcesBuildPhase section */

/* Begin PBXSourcesBuildPhase section */
		A999B9A827EA1B1A000AD3D8 /* Sources */ = {
			isa = PBXSourcesBuildPhase;
			buildActionMask = 2147483647;
			files = (
				A946D34627EAF0C7006174D4 /* LocationViewController.swift in Sources */,
				A999B9B027EA1B1A000AD3D8 /* AppDelegate.swift in Sources */,
				A96DE03827FCA836001C9309 /* MyInformationViewController.swift in Sources */,
				A9CF352C27EAEF93007215F3 /* LogoutViewController.swift in Sources */,
				A98E511F280338EA00528954 /* BrowseViewController.swift in Sources */,
				A9B5E95F27F4BDB200421377 /* UploadsViewController.swift in Sources */,
				E7D7EDA427F4EE6100A04266 /* UserSelectionViewController.swift in Sources */,
				A946D34B27EAF14D006174D4 /* LoginViewController.swift in Sources */,
				A999B9B227EA1B1A000AD3D8 /* SceneDelegate.swift in Sources */,
			);
			runOnlyForDeploymentPostprocessing = 0;
		};
/* End PBXSourcesBuildPhase section */

/* Begin PBXVariantGroup section */
		A999B9B527EA1B1A000AD3D8 /* Main.storyboard */ = {
			isa = PBXVariantGroup;
			children = (
				A999B9B627EA1B1A000AD3D8 /* Base */,
			);
			name = Main.storyboard;
			sourceTree = "<group>";
		};
		A999B9BA27EA1B24000AD3D8 /* LaunchScreen.storyboard */ = {
			isa = PBXVariantGroup;
			children = (
				A999B9BB27EA1B24000AD3D8 /* Base */,
			);
			name = LaunchScreen.storyboard;
			sourceTree = "<group>";
		};
/* End PBXVariantGroup section */

/* Begin XCBuildConfiguration section */
		A999B9BE27EA1B24000AD3D8 /* Debug */ = {
			isa = XCBuildConfiguration;
			buildSettings = {
				ALWAYS_SEARCH_USER_PATHS = NO;
				CLANG_ANALYZER_NONNULL = YES;
				CLANG_ANALYZER_NUMBER_OBJECT_CONVERSION = YES_AGGRESSIVE;
				CLANG_CXX_LANGUAGE_STANDARD = "gnu++14";
				CLANG_CXX_LIBRARY = "libc++";
				CLANG_ENABLE_MODULES = YES;
				CLANG_ENABLE_OBJC_ARC = YES;
				CLANG_ENABLE_OBJC_WEAK = YES;
				CLANG_WARN_BLOCK_CAPTURE_AUTORELEASING = YES;
				CLANG_WARN_BOOL_CONVERSION = YES;
				CLANG_WARN_COMMA = YES;
				CLANG_WARN_CONSTANT_CONVERSION = YES;
				CLANG_WARN_DEPRECATED_OBJC_IMPLEMENTATIONS = YES;
				CLANG_WARN_DIRECT_OBJC_ISA_USAGE = YES_ERROR;
				CLANG_WARN_DOCUMENTATION_COMMENTS = YES;
				CLANG_WARN_EMPTY_BODY = YES;
				CLANG_WARN_ENUM_CONVERSION = YES;
				CLANG_WARN_INFINITE_RECURSION = YES;
				CLANG_WARN_INT_CONVERSION = YES;
				CLANG_WARN_NON_LITERAL_NULL_CONVERSION = YES;
				CLANG_WARN_OBJC_IMPLICIT_RETAIN_SELF = YES;
				CLANG_WARN_OBJC_LITERAL_CONVERSION = YES;
				CLANG_WARN_OBJC_ROOT_CLASS = YES_ERROR;
				CLANG_WARN_QUOTED_INCLUDE_IN_FRAMEWORK_HEADER = YES;
				CLANG_WARN_RANGE_LOOP_ANALYSIS = YES;
				CLANG_WARN_STRICT_PROTOTYPES = YES;
				CLANG_WARN_SUSPICIOUS_MOVE = YES;
				CLANG_WARN_UNGUARDED_AVAILABILITY = YES_AGGRESSIVE;
				CLANG_WARN_UNREACHABLE_CODE = YES;
				CLANG_WARN__DUPLICATE_METHOD_MATCH = YES;
				COPY_PHASE_STRIP = NO;
				DEBUG_INFORMATION_FORMAT = dwarf;
				ENABLE_STRICT_OBJC_MSGSEND = YES;
				ENABLE_TESTABILITY = YES;
				GCC_C_LANGUAGE_STANDARD = gnu11;
				GCC_DYNAMIC_NO_PIC = NO;
				GCC_NO_COMMON_BLOCKS = YES;
				GCC_OPTIMIZATION_LEVEL = 0;
				GCC_PREPROCESSOR_DEFINITIONS = (
					"DEBUG=1",
					"$(inherited)",
				);
				GCC_WARN_64_TO_32_BIT_CONVERSION = YES;
				GCC_WARN_ABOUT_RETURN_TYPE = YES_ERROR;
				GCC_WARN_UNDECLARED_SELECTOR = YES;
				GCC_WARN_UNINITIALIZED_AUTOS = YES_AGGRESSIVE;
				GCC_WARN_UNUSED_FUNCTION = YES;
				GCC_WARN_UNUSED_VARIABLE = YES;
				IPHONEOS_DEPLOYMENT_TARGET = 14.4;
				MTL_ENABLE_DEBUG_INFO = INCLUDE_SOURCE;
				MTL_FAST_MATH = YES;
				ONLY_ACTIVE_ARCH = YES;
				SDKROOT = iphoneos;
				SWIFT_ACTIVE_COMPILATION_CONDITIONS = DEBUG;
				SWIFT_OPTIMIZATION_LEVEL = "-Onone";
			};
			name = Debug;
		};
		A999B9BF27EA1B24000AD3D8 /* Release */ = {
			isa = XCBuildConfiguration;
			buildSettings = {
				ALWAYS_SEARCH_USER_PATHS = NO;
				CLANG_ANALYZER_NONNULL = YES;
				CLANG_ANALYZER_NUMBER_OBJECT_CONVERSION = YES_AGGRESSIVE;
				CLANG_CXX_LANGUAGE_STANDARD = "gnu++14";
				CLANG_CXX_LIBRARY = "libc++";
				CLANG_ENABLE_MODULES = YES;
				CLANG_ENABLE_OBJC_ARC = YES;
				CLANG_ENABLE_OBJC_WEAK = YES;
				CLANG_WARN_BLOCK_CAPTURE_AUTORELEASING = YES;
				CLANG_WARN_BOOL_CONVERSION = YES;
				CLANG_WARN_COMMA = YES;
				CLANG_WARN_CONSTANT_CONVERSION = YES;
				CLANG_WARN_DEPRECATED_OBJC_IMPLEMENTATIONS = YES;
				CLANG_WARN_DIRECT_OBJC_ISA_USAGE = YES_ERROR;
				CLANG_WARN_DOCUMENTATION_COMMENTS = YES;
				CLANG_WARN_EMPTY_BODY = YES;
				CLANG_WARN_ENUM_CONVERSION = YES;
				CLANG_WARN_INFINITE_RECURSION = YES;
				CLANG_WARN_INT_CONVERSION = YES;
				CLANG_WARN_NON_LITERAL_NULL_CONVERSION = YES;
				CLANG_WARN_OBJC_IMPLICIT_RETAIN_SELF = YES;
				CLANG_WARN_OBJC_LITERAL_CONVERSION = YES;
				CLANG_WARN_OBJC_ROOT_CLASS = YES_ERROR;
				CLANG_WARN_QUOTED_INCLUDE_IN_FRAMEWORK_HEADER = YES;
				CLANG_WARN_RANGE_LOOP_ANALYSIS = YES;
				CLANG_WARN_STRICT_PROTOTYPES = YES;
				CLANG_WARN_SUSPICIOUS_MOVE = YES;
				CLANG_WARN_UNGUARDED_AVAILABILITY = YES_AGGRESSIVE;
				CLANG_WARN_UNREACHABLE_CODE = YES;
				CLANG_WARN__DUPLICATE_METHOD_MATCH = YES;
				COPY_PHASE_STRIP = NO;
				DEBUG_INFORMATION_FORMAT = "dwarf-with-dsym";
				ENABLE_NS_ASSERTIONS = NO;
				ENABLE_STRICT_OBJC_MSGSEND = YES;
				GCC_C_LANGUAGE_STANDARD = gnu11;
				GCC_NO_COMMON_BLOCKS = YES;
				GCC_WARN_64_TO_32_BIT_CONVERSION = YES;
				GCC_WARN_ABOUT_RETURN_TYPE = YES_ERROR;
				GCC_WARN_UNDECLARED_SELECTOR = YES;
				GCC_WARN_UNINITIALIZED_AUTOS = YES_AGGRESSIVE;
				GCC_WARN_UNUSED_FUNCTION = YES;
				GCC_WARN_UNUSED_VARIABLE = YES;
				IPHONEOS_DEPLOYMENT_TARGET = 14.4;
				MTL_ENABLE_DEBUG_INFO = NO;
				MTL_FAST_MATH = YES;
				SDKROOT = iphoneos;
				SWIFT_COMPILATION_MODE = wholemodule;
				SWIFT_OPTIMIZATION_LEVEL = "-O";
				VALIDATE_PRODUCT = YES;
			};
			name = Release;
		};
		A999B9C127EA1B24000AD3D8 /* Debug */ = {
			isa = XCBuildConfiguration;
			buildSettings = {
				ASSETCATALOG_COMPILER_APPICON_NAME = AppIcon;
				ASSETCATALOG_COMPILER_GLOBAL_ACCENT_COLOR_NAME = AccentColor;
				CODE_SIGN_STYLE = Automatic;
				DEVELOPMENT_TEAM = M594RTBMCW;
				INFOPLIST_FILE = CapstoneProject/Info.plist;
				LD_RUNPATH_SEARCH_PATHS = (
					"$(inherited)",
					"@executable_path/Frameworks",
				);
				PRODUCT_BUNDLE_IDENTIFIER = Conestoga.CapstoneProject;
				PRODUCT_NAME = "$(TARGET_NAME)";
				SWIFT_VERSION = 5.0;
				TARGETED_DEVICE_FAMILY = 1;
			};
			name = Debug;
		};
		A999B9C227EA1B24000AD3D8 /* Release */ = {
			isa = XCBuildConfiguration;
			buildSettings = {
				ASSETCATALOG_COMPILER_APPICON_NAME = AppIcon;
				ASSETCATALOG_COMPILER_GLOBAL_ACCENT_COLOR_NAME = AccentColor;
				CODE_SIGN_STYLE = Automatic;
				DEVELOPMENT_TEAM = M594RTBMCW;
				INFOPLIST_FILE = CapstoneProject/Info.plist;
				LD_RUNPATH_SEARCH_PATHS = (
					"$(inherited)",
					"@executable_path/Frameworks",
				);
				PRODUCT_BUNDLE_IDENTIFIER = Conestoga.CapstoneProject;
				PRODUCT_NAME = "$(TARGET_NAME)";
				SWIFT_VERSION = 5.0;
				TARGETED_DEVICE_FAMILY = 1;
			};
			name = Release;
		};
/* End XCBuildConfiguration section */

/* Begin XCConfigurationList section */
		A999B9A727EA1B1A000AD3D8 /* Build configuration list for PBXProject "CapstoneProject" */ = {
			isa = XCConfigurationList;
			buildConfigurations = (
				A999B9BE27EA1B24000AD3D8 /* Debug */,
				A999B9BF27EA1B24000AD3D8 /* Release */,
			);
			defaultConfigurationIsVisible = 0;
			defaultConfigurationName = Release;
		};
		A999B9C027EA1B24000AD3D8 /* Build configuration list for PBXNativeTarget "CapstoneProject" */ = {
			isa = XCConfigurationList;
			buildConfigurations = (
				A999B9C127EA1B24000AD3D8 /* Debug */,
				A999B9C227EA1B24000AD3D8 /* Release */,
			);
			defaultConfigurationIsVisible = 0;
			defaultConfigurationName = Release;
		};
/* End XCConfigurationList section */
	};
	rootObject = A999B9A427EA1B1A000AD3D8 /* Project object */;
}
